
Microsoft Visual Studio Solution File, Format Version 12.00
# Visual Studio Version 17
VisualStudioVersion = 17.14.36414.22
MinimumVisualStudioVersion = 10.0.40219.1
Project("{2150E333-8FDC-42A3-9474-1A3956D46DE8}") = "Services", "Services", "{02EA681E-C7D8-13C7-8484-4AC65E1B71E8}"
EndProject
Project("{2150E333-8FDC-42A3-9474-1A3956D46DE8}") = "Catalog", "Catalog", "{D09505DC-D4BA-43A6-9846-319B012AAA09}"
EndProject
Project("{FAE04EC0-301F-11D3-BF4B-00C04F79EFBC}") = "MultiShop.Catalog", "Services\Catalog\MultiShop.Catalog\MultiShop.Catalog.csproj", "{2890557B-A359-405C-AA6A-C5AE68222C12}"
EndProject
Project("{2150E333-8FDC-42A3-9474-1A3956D46DE8}") = "Discount", "Discount", "{768BCF65-DC4A-4683-8F13-55F59685EA5D}"
EndProject
Project("{FAE04EC0-301F-11D3-BF4B-00C04F79EFBC}") = "MultiShop.Discount", "MultiShop.Discount\MultiShop.Discount.csproj", "{360B7D5D-35F2-4208-8BED-2ABC6BAAA6EF}"
EndProject
Project("{2150E333-8FDC-42A3-9474-1A3956D46DE8}") = "Order", "Order", "{14063E7A-72D0-4AAB-9B9E-EE8AF4FA3AB7}"
EndProject
Project("{2150E333-8FDC-42A3-9474-1A3956D46DE8}") = "Core", "Core", "{4720955B-6D2A-4FF9-9534-36D4A76CDB02}"
EndProject
Project("{2150E333-8FDC-42A3-9474-1A3956D46DE8}") = "Infrastructure", "Infrastructure", "{29F5AF81-9D7C-4C31-8FEB-52CFE492D61B}"
EndProject
Project("{2150E333-8FDC-42A3-9474-1A3956D46DE8}") = "Presentation", "Presentation", "{1307C852-FB01-4FAE-A647-9974DF7D7166}"
EndProject
Project("{FAE04EC0-301F-11D3-BF4B-00C04F79EFBC}") = "MultiShop.Order.Domain", "Services\Order\Core\MultiShop.Order.Domain\MultiShop.Order.Domain.csproj", "{D3F7766B-2F3E-44DD-8039-CDD70DED979D}"
EndProject
Project("{FAE04EC0-301F-11D3-BF4B-00C04F79EFBC}") = "MultiShot.Order.Applicatinon", "Services\Order\Core\MultiShot.Order.Applicatinon\MultiShot.Order.Applicatinon.csproj", "{B92B5094-D821-4253-81C6-64CEF4EAEABE}"
EndProject
Project("{FAE04EC0-301F-11D3-BF4B-00C04F79EFBC}") = "MultiShop.Order.Persistence", "Services\Order\Infrastructure\MultiShop.Order.Persistence\MultiShop.Order.Persistence.csproj", "{D3EFCF0B-BDB7-4E95-BBC2-8DE4809C906A}"
EndProject
Project("{FAE04EC0-301F-11D3-BF4B-00C04F79EFBC}") = "MultiShop.Order.WebApi", "Services\Order\Presentation\MultiShop.Order.WebApi\MultiShop.Order.WebApi.csproj", "{1678A837-5327-4CAA-BB35-2B76ED03DD20}"
EndProject
Global
	GlobalSection(SolutionConfigurationPlatforms) = preSolution
		Debug|Any CPU = Debug|Any CPU
		Release|Any CPU = Release|Any CPU
	EndGlobalSection
	GlobalSection(ProjectConfigurationPlatforms) = postSolution
		{2890557B-A359-405C-AA6A-C5AE68222C12}.Debug|Any CPU.ActiveCfg = Debug|Any CPU
		{2890557B-A359-405C-AA6A-C5AE68222C12}.Debug|Any CPU.Build.0 = Debug|Any CPU
		{2890557B-A359-405C-AA6A-C5AE68222C12}.Release|Any CPU.ActiveCfg = Release|Any CPU
		{2890557B-A359-405C-AA6A-C5AE68222C12}.Release|Any CPU.Build.0 = Release|Any CPU
		{360B7D5D-35F2-4208-8BED-2ABC6BAAA6EF}.Debug|Any CPU.ActiveCfg = Debug|Any CPU
		{360B7D5D-35F2-4208-8BED-2ABC6BAAA6EF}.Debug|Any CPU.Build.0 = Debug|Any CPU
		{360B7D5D-35F2-4208-8BED-2ABC6BAAA6EF}.Release|Any CPU.ActiveCfg = Release|Any CPU
		{360B7D5D-35F2-4208-8BED-2ABC6BAAA6EF}.Release|Any CPU.Build.0 = Release|Any CPU
		{D3F7766B-2F3E-44DD-8039-CDD70DED979D}.Debug|Any CPU.ActiveCfg = Debug|Any CPU
		{D3F7766B-2F3E-44DD-8039-CDD70DED979D}.Debug|Any CPU.Build.0 = Debug|Any CPU
		{D3F7766B-2F3E-44DD-8039-CDD70DED979D}.Release|Any CPU.ActiveCfg = Release|Any CPU
		{D3F7766B-2F3E-44DD-8039-CDD70DED979D}.Release|Any CPU.Build.0 = Release|Any CPU
		{B92B5094-D821-4253-81C6-64CEF4EAEABE}.Debug|Any CPU.ActiveCfg = Debug|Any CPU
		{B92B5094-D821-4253-81C6-64CEF4EAEABE}.Debug|Any CPU.Build.0 = Debug|Any CPU
		{B92B5094-D821-4253-81C6-64CEF4EAEABE}.Release|Any CPU.ActiveCfg = Release|Any CPU
		{B92B5094-D821-4253-81C6-64CEF4EAEABE}.Release|Any CPU.Build.0 = Release|Any CPU
		{D3EFCF0B-BDB7-4E95-BBC2-8DE4809C906A}.Debug|Any CPU.ActiveCfg = Debug|Any CPU
		{D3EFCF0B-BDB7-4E95-BBC2-8DE4809C906A}.Debug|Any CPU.Build.0 = Debug|Any CPU
		{D3EFCF0B-BDB7-4E95-BBC2-8DE4809C906A}.Release|Any CPU.ActiveCfg = Release|Any CPU
		{D3EFCF0B-BDB7-4E95-BBC2-8DE4809C906A}.Release|Any CPU.Build.0 = Release|Any CPU
		{1678A837-5327-4CAA-BB35-2B76ED03DD20}.Debug|Any CPU.ActiveCfg = Debug|Any CPU
		{1678A837-5327-4CAA-BB35-2B76ED03DD20}.Debug|Any CPU.Build.0 = Debug|Any CPU
		{1678A837-5327-4CAA-BB35-2B76ED03DD20}.Release|Any CPU.ActiveCfg = Release|Any CPU
		{1678A837-5327-4CAA-BB35-2B76ED03DD20}.Release|Any CPU.Build.0 = Release|Any CPU
	EndGlobalSection
	GlobalSection(SolutionProperties) = preSolution
		HideSolutionNode = FALSE
	EndGlobalSection
	GlobalSection(NestedProjects) = preSolution
		{D09505DC-D4BA-43A6-9846-319B012AAA09} = {02EA681E-C7D8-13C7-8484-4AC65E1B71E8}
		{2890557B-A359-405C-AA6A-C5AE68222C12} = {D09505DC-D4BA-43A6-9846-319B012AAA09}
		{768BCF65-DC4A-4683-8F13-55F59685EA5D} = {02EA681E-C7D8-13C7-8484-4AC65E1B71E8}
		{360B7D5D-35F2-4208-8BED-2ABC6BAAA6EF} = {768BCF65-DC4A-4683-8F13-55F59685EA5D}
		{14063E7A-72D0-4AAB-9B9E-EE8AF4FA3AB7} = {02EA681E-C7D8-13C7-8484-4AC65E1B71E8}
		{4720955B-6D2A-4FF9-9534-36D4A76CDB02} = {14063E7A-72D0-4AAB-9B9E-EE8AF4FA3AB7}
		{29F5AF81-9D7C-4C31-8FEB-52CFE492D61B} = {14063E7A-72D0-4AAB-9B9E-EE8AF4FA3AB7}
		{1307C852-FB01-4FAE-A647-9974DF7D7166} = {14063E7A-72D0-4AAB-9B9E-EE8AF4FA3AB7}
		{D3F7766B-2F3E-44DD-8039-CDD70DED979D} = {4720955B-6D2A-4FF9-9534-36D4A76CDB02}
		{B92B5094-D821-4253-81C6-64CEF4EAEABE} = {4720955B-6D2A-4FF9-9534-36D4A76CDB02}
		{D3EFCF0B-BDB7-4E95-BBC2-8DE4809C906A} = {29F5AF81-9D7C-4C31-8FEB-52CFE492D61B}
		{1678A837-5327-4CAA-BB35-2B76ED03DD20} = {1307C852-FB01-4FAE-A647-9974DF7D7166}
	EndGlobalSection
	GlobalSection(ExtensibilityGlobals) = postSolution
		SolutionGuid = {F189CD54-1CCC-4034-ACC5-0AB06999D873}
	EndGlobalSection
EndGlobal
