
Microsoft Visual Studio Solution File, Format Version 12.00
# Visual Studio Version 17
VisualStudioVersion = 17.14.36414.22
MinimumVisualStudioVersion = 10.0.40219.1
Project("{2150E333-8FDC-42A3-9474-1A3956D46DE8}") = "Services", "Services", "{02EA681E-C7D8-13C7-8484-4AC65E1B71E8}"
	ProjectSection(SolutionItems) = preProject
		Read.md = Read.md
	EndProjectSection
EndProject
Project("{2150E333-8FDC-42A3-9474-1A3956D46DE8}") = "Catalog", "Catalog", "{D09505DC-D4BA-43A6-9846-319B012AAA09}"
EndProject
Project("{FAE04EC0-301F-11D3-BF4B-00C04F79EFBC}") = "MultiShop.Catalog", "Services\Catalog\MultiShop.Catalog\MultiShop.Catalog.csproj", "{2890557B-A359-405C-AA6A-C5AE68222C12}"
EndProject
Project("{2150E333-8FDC-42A3-9474-1A3956D46DE8}") = "Discount", "Discount", "{768BCF65-DC4A-4683-8F13-55F59685EA5D}"
EndProject
Project("{FAE04EC0-301F-11D3-BF4B-00C04F79EFBC}") = "MultiShop.Discount", "MultiShop.Discount\MultiShop.Discount.csproj", "{360B7D5D-35F2-4208-8BED-2ABC6BAAA6EF}"
EndProject
Project("{2150E333-8FDC-42A3-9474-1A3956D46DE8}") = "Order", "Order", "{14063E7A-72D0-4AAB-9B9E-EE8AF4FA3AB7}"
EndProject
Project("{2150E333-8FDC-42A3-9474-1A3956D46DE8}") = "Core", "Core", "{4720955B-6D2A-4FF9-9534-36D4A76CDB02}"
EndProject
Project("{2150E333-8FDC-42A3-9474-1A3956D46DE8}") = "Infrastructure", "Infrastructure", "{29F5AF81-9D7C-4C31-8FEB-52CFE492D61B}"
EndProject
Project("{2150E333-8FDC-42A3-9474-1A3956D46DE8}") = "Presentation", "Presentation", "{1307C852-FB01-4FAE-A647-9974DF7D7166}"
EndProject
Project("{FAE04EC0-301F-11D3-BF4B-00C04F79EFBC}") = "MultiShop.Order.Domain", "Services\Order\Core\MultiShop.Order.Domain\MultiShop.Order.Domain.csproj", "{D3F7766B-2F3E-44DD-8039-CDD70DED979D}"
EndProject
Project("{FAE04EC0-301F-11D3-BF4B-00C04F79EFBC}") = "MultiShop.Order.Persistence", "Services\Order\Infrastructure\MultiShop.Order.Persistence\MultiShop.Order.Persistence.csproj", "{D3EFCF0B-BDB7-4E95-BBC2-8DE4809C906A}"
EndProject
Project("{FAE04EC0-301F-11D3-BF4B-00C04F79EFBC}") = "MultiShop.Order.WebApi", "Services\Order\Presentation\MultiShop.Order.WebApi\MultiShop.Order.WebApi.csproj", "{1678A837-5327-4CAA-BB35-2B76ED03DD20}"
EndProject
Project("{FAE04EC0-301F-11D3-BF4B-00C04F79EFBC}") = "MultiShop.Order.Application", "Order\Core\MultiShop.Order.Application\MultiShop.Order.Application.csproj", "{A68C5F9C-AA48-43E6-A7EB-00B241A25ABC}"
EndProject
Project("{2150E333-8FDC-42A3-9474-1A3956D46DE8}") = "IdentityServer", "IdentityServer", "{7E2855DC-2727-4CDF-828D-DA8ACA4FB966}"
EndProject
Project("{FAE04EC0-301F-11D3-BF4B-00C04F79EFBC}") = "MultiShop.IdentityServer", "IdentityServer\MultiShop.IdentityServer\MultiShop.IdentityServer.csproj", "{EA14094F-FB55-5ABC-1402-B4229C4AD0B1}"
EndProject
Project("{2150E333-8FDC-42A3-9474-1A3956D46DE8}") = "Requirements", "Requirements", "{07474595-B713-43B1-876D-9153C3CC7241}"
	ProjectSection(SolutionItems) = preProject
		IdentityServerVersionErrorSolution.txt = IdentityServerVersionErrorSolution.txt
		PortainerCmd.txt = PortainerCmd.txt
		PortNumbers.txt = PortNumbers.txt
	EndProjectSection
EndProject
Project("{2150E333-8FDC-42A3-9474-1A3956D46DE8}") = "Cargo", "Cargo", "{080DC198-5AF0-447E-8104-A7DF91013EE8}"
EndProject
Project("{FAE04EC0-301F-11D3-BF4B-00C04F79EFBC}") = "Multihop.Cargo.EntityLayer", "Services\Cargo\Multihop.Cargo.EntityLayer\Multihop.Cargo.EntityLayer.csproj", "{E95F6012-8EC8-4E78-A54B-C158BFC7A1B8}"
EndProject
Project("{FAE04EC0-301F-11D3-BF4B-00C04F79EFBC}") = "MultiShop.Cargo.BusinessLayer", "Services\Cargo\MultiShop.Cargo.BusinessLayer\MultiShop.Cargo.BusinessLayer.csproj", "{B5F99C4C-B741-4D8C-94F6-99221E1B2C45}"
EndProject
Project("{FAE04EC0-301F-11D3-BF4B-00C04F79EFBC}") = "MultiShop.Cargo.DataAccsessLayer", "Services\Cargo\MultiShop.Cargo.DataAccsessLayer\MultiShop.Cargo.DataAccsessLayer.csproj", "{EBAC1EAB-BF55-4F6E-86DD-7CE0E8D12798}"
EndProject
Project("{FAE04EC0-301F-11D3-BF4B-00C04F79EFBC}") = "MultiShop.Cargo.DtoLayer", "Services\Cargo\MultiShop.Cargo.DtoLayer\MultiShop.Cargo.DtoLayer.csproj", "{AD5F3351-64BF-46C1-BAC2-80187709C013}"
EndProject
Project("{FAE04EC0-301F-11D3-BF4B-00C04F79EFBC}") = "MultiShop.Cargo.WebApi", "Services\Cargo\MultiShop.Cargo.WebApi\MultiShop.Cargo.WebApi.csproj", "{A48955EB-2D0C-4C16-B4FF-3EF6F41E3848}"
EndProject
Global
	GlobalSection(SolutionConfigurationPlatforms) = preSolution
		Debug|Any CPU = Debug|Any CPU
		Release|Any CPU = Release|Any CPU
	EndGlobalSection
	GlobalSection(ProjectConfigurationPlatforms) = postSolution
		{2890557B-A359-405C-AA6A-C5AE68222C12}.Debug|Any CPU.ActiveCfg = Debug|Any CPU
		{2890557B-A359-405C-AA6A-C5AE68222C12}.Debug|Any CPU.Build.0 = Debug|Any CPU
		{2890557B-A359-405C-AA6A-C5AE68222C12}.Release|Any CPU.ActiveCfg = Release|Any CPU
		{2890557B-A359-405C-AA6A-C5AE68222C12}.Release|Any CPU.Build.0 = Release|Any CPU
		{360B7D5D-35F2-4208-8BED-2ABC6BAAA6EF}.Debug|Any CPU.ActiveCfg = Debug|Any CPU
		{360B7D5D-35F2-4208-8BED-2ABC6BAAA6EF}.Debug|Any CPU.Build.0 = Debug|Any CPU
		{360B7D5D-35F2-4208-8BED-2ABC6BAAA6EF}.Release|Any CPU.ActiveCfg = Release|Any CPU
		{360B7D5D-35F2-4208-8BED-2ABC6BAAA6EF}.Release|Any CPU.Build.0 = Release|Any CPU
		{D3F7766B-2F3E-44DD-8039-CDD70DED979D}.Debug|Any CPU.ActiveCfg = Debug|Any CPU
		{D3F7766B-2F3E-44DD-8039-CDD70DED979D}.Debug|Any CPU.Build.0 = Debug|Any CPU
		{D3F7766B-2F3E-44DD-8039-CDD70DED979D}.Release|Any CPU.ActiveCfg = Release|Any CPU
		{D3F7766B-2F3E-44DD-8039-CDD70DED979D}.Release|Any CPU.Build.0 = Release|Any CPU
		{D3EFCF0B-BDB7-4E95-BBC2-8DE4809C906A}.Debug|Any CPU.ActiveCfg = Debug|Any CPU
		{D3EFCF0B-BDB7-4E95-BBC2-8DE4809C906A}.Debug|Any CPU.Build.0 = Debug|Any CPU
		{D3EFCF0B-BDB7-4E95-BBC2-8DE4809C906A}.Release|Any CPU.ActiveCfg = Release|Any CPU
		{D3EFCF0B-BDB7-4E95-BBC2-8DE4809C906A}.Release|Any CPU.Build.0 = Release|Any CPU
		{1678A837-5327-4CAA-BB35-2B76ED03DD20}.Debug|Any CPU.ActiveCfg = Debug|Any CPU
		{1678A837-5327-4CAA-BB35-2B76ED03DD20}.Debug|Any CPU.Build.0 = Debug|Any CPU
		{1678A837-5327-4CAA-BB35-2B76ED03DD20}.Release|Any CPU.ActiveCfg = Release|Any CPU
		{1678A837-5327-4CAA-BB35-2B76ED03DD20}.Release|Any CPU.Build.0 = Release|Any CPU
		{A68C5F9C-AA48-43E6-A7EB-00B241A25ABC}.Debug|Any CPU.ActiveCfg = Debug|Any CPU
		{A68C5F9C-AA48-43E6-A7EB-00B241A25ABC}.Debug|Any CPU.Build.0 = Debug|Any CPU
		{A68C5F9C-AA48-43E6-A7EB-00B241A25ABC}.Release|Any CPU.ActiveCfg = Release|Any CPU
		{A68C5F9C-AA48-43E6-A7EB-00B241A25ABC}.Release|Any CPU.Build.0 = Release|Any CPU
		{EA14094F-FB55-5ABC-1402-B4229C4AD0B1}.Debug|Any CPU.ActiveCfg = Debug|Any CPU
		{EA14094F-FB55-5ABC-1402-B4229C4AD0B1}.Debug|Any CPU.Build.0 = Debug|Any CPU
		{EA14094F-FB55-5ABC-1402-B4229C4AD0B1}.Release|Any CPU.ActiveCfg = Release|Any CPU
		{EA14094F-FB55-5ABC-1402-B4229C4AD0B1}.Release|Any CPU.Build.0 = Release|Any CPU
		{E95F6012-8EC8-4E78-A54B-C158BFC7A1B8}.Debug|Any CPU.ActiveCfg = Debug|Any CPU
		{E95F6012-8EC8-4E78-A54B-C158BFC7A1B8}.Debug|Any CPU.Build.0 = Debug|Any CPU
		{E95F6012-8EC8-4E78-A54B-C158BFC7A1B8}.Release|Any CPU.ActiveCfg = Release|Any CPU
		{E95F6012-8EC8-4E78-A54B-C158BFC7A1B8}.Release|Any CPU.Build.0 = Release|Any CPU
		{B5F99C4C-B741-4D8C-94F6-99221E1B2C45}.Debug|Any CPU.ActiveCfg = Debug|Any CPU
		{B5F99C4C-B741-4D8C-94F6-99221E1B2C45}.Debug|Any CPU.Build.0 = Debug|Any CPU
		{B5F99C4C-B741-4D8C-94F6-99221E1B2C45}.Release|Any CPU.ActiveCfg = Release|Any CPU
		{B5F99C4C-B741-4D8C-94F6-99221E1B2C45}.Release|Any CPU.Build.0 = Release|Any CPU
		{EBAC1EAB-BF55-4F6E-86DD-7CE0E8D12798}.Debug|Any CPU.ActiveCfg = Debug|Any CPU
		{EBAC1EAB-BF55-4F6E-86DD-7CE0E8D12798}.Debug|Any CPU.Build.0 = Debug|Any CPU
		{EBAC1EAB-BF55-4F6E-86DD-7CE0E8D12798}.Release|Any CPU.ActiveCfg = Release|Any CPU
		{EBAC1EAB-BF55-4F6E-86DD-7CE0E8D12798}.Release|Any CPU.Build.0 = Release|Any CPU
		{AD5F3351-64BF-46C1-BAC2-80187709C013}.Debug|Any CPU.ActiveCfg = Debug|Any CPU
		{AD5F3351-64BF-46C1-BAC2-80187709C013}.Debug|Any CPU.Build.0 = Debug|Any CPU
		{AD5F3351-64BF-46C1-BAC2-80187709C013}.Release|Any CPU.ActiveCfg = Release|Any CPU
		{AD5F3351-64BF-46C1-BAC2-80187709C013}.Release|Any CPU.Build.0 = Release|Any CPU
		{A48955EB-2D0C-4C16-B4FF-3EF6F41E3848}.Debug|Any CPU.ActiveCfg = Debug|Any CPU
		{A48955EB-2D0C-4C16-B4FF-3EF6F41E3848}.Debug|Any CPU.Build.0 = Debug|Any CPU
		{A48955EB-2D0C-4C16-B4FF-3EF6F41E3848}.Release|Any CPU.ActiveCfg = Release|Any CPU
		{A48955EB-2D0C-4C16-B4FF-3EF6F41E3848}.Release|Any CPU.Build.0 = Release|Any CPU
	EndGlobalSection
	GlobalSection(SolutionProperties) = preSolution
		HideSolutionNode = FALSE
	EndGlobalSection
	GlobalSection(NestedProjects) = preSolution
		{D09505DC-D4BA-43A6-9846-319B012AAA09} = {02EA681E-C7D8-13C7-8484-4AC65E1B71E8}
		{2890557B-A359-405C-AA6A-C5AE68222C12} = {D09505DC-D4BA-43A6-9846-319B012AAA09}
		{768BCF65-DC4A-4683-8F13-55F59685EA5D} = {02EA681E-C7D8-13C7-8484-4AC65E1B71E8}
		{360B7D5D-35F2-4208-8BED-2ABC6BAAA6EF} = {768BCF65-DC4A-4683-8F13-55F59685EA5D}
		{14063E7A-72D0-4AAB-9B9E-EE8AF4FA3AB7} = {02EA681E-C7D8-13C7-8484-4AC65E1B71E8}
		{4720955B-6D2A-4FF9-9534-36D4A76CDB02} = {14063E7A-72D0-4AAB-9B9E-EE8AF4FA3AB7}
		{29F5AF81-9D7C-4C31-8FEB-52CFE492D61B} = {14063E7A-72D0-4AAB-9B9E-EE8AF4FA3AB7}
		{1307C852-FB01-4FAE-A647-9974DF7D7166} = {14063E7A-72D0-4AAB-9B9E-EE8AF4FA3AB7}
		{D3F7766B-2F3E-44DD-8039-CDD70DED979D} = {4720955B-6D2A-4FF9-9534-36D4A76CDB02}
		{D3EFCF0B-BDB7-4E95-BBC2-8DE4809C906A} = {29F5AF81-9D7C-4C31-8FEB-52CFE492D61B}
		{1678A837-5327-4CAA-BB35-2B76ED03DD20} = {1307C852-FB01-4FAE-A647-9974DF7D7166}
		{A68C5F9C-AA48-43E6-A7EB-00B241A25ABC} = {4720955B-6D2A-4FF9-9534-36D4A76CDB02}
		{EA14094F-FB55-5ABC-1402-B4229C4AD0B1} = {7E2855DC-2727-4CDF-828D-DA8ACA4FB966}
		{080DC198-5AF0-447E-8104-A7DF91013EE8} = {02EA681E-C7D8-13C7-8484-4AC65E1B71E8}
		{E95F6012-8EC8-4E78-A54B-C158BFC7A1B8} = {080DC198-5AF0-447E-8104-A7DF91013EE8}
		{B5F99C4C-B741-4D8C-94F6-99221E1B2C45} = {080DC198-5AF0-447E-8104-A7DF91013EE8}
		{EBAC1EAB-BF55-4F6E-86DD-7CE0E8D12798} = {080DC198-5AF0-447E-8104-A7DF91013EE8}
		{AD5F3351-64BF-46C1-BAC2-80187709C013} = {080DC198-5AF0-447E-8104-A7DF91013EE8}
		{A48955EB-2D0C-4C16-B4FF-3EF6F41E3848} = {080DC198-5AF0-447E-8104-A7DF91013EE8}
	EndGlobalSection
	GlobalSection(ExtensibilityGlobals) = postSolution
		SolutionGuid = {F189CD54-1CCC-4034-ACC5-0AB06999D873}
	EndGlobalSection
EndGlobal
